
Microsoft Visual Studio Solution File, Format Version 12.00
# Visual Studio Version 17
VisualStudioVersion = 17.9.34728.123
MinimumVisualStudioVersion = 10.0.40219.1
Project("{FAE04EC0-301F-11D3-BF4B-00C04F79EFBC}") = "Finansy", "Finansy\Finansy.csproj", "{2B294EA6-18FB-49BA-9349-F9BF9A8C540B}"
EndProject
Global
	GlobalSection(SolutionConfigurationPlatforms) = preSolution
		Debug|Any CPU = Debug|Any CPU
		Release|Any CPU = Release|Any CPU
	EndGlobalSection
	GlobalSection(ProjectConfigurationPlatforms) = postSolution
		{2B294EA6-18FB-49BA-9349-F9BF9A8C540B}.Debug|Any CPU.ActiveCfg = Debug|Any CPU
		{2B294EA6-18FB-49BA-9349-F9BF9A8C540B}.Debug|Any CPU.Build.0 = Debug|Any CPU
		{2B294EA6-18FB-49BA-9349-F9BF9A8C540B}.Release|Any CPU.ActiveCfg = Release|Any CPU
		{2B294EA6-18FB-49BA-9349-F9BF9A8C540B}.Release|Any CPU.Build.0 = Release|Any CPU
	EndGlobalSection
	GlobalSection(SolutionProperties) = preSolution
		HideSolutionNode = FALSE
	EndGlobalSection
	GlobalSection(ExtensibilityGlobals) = postSolution
		SolutionGuid = {3B074D25-B43F-432A-93D3-2103F4A1FCD3}
	EndGlobalSection
EndGlobal
